
Microsoft Visual Studio Solution File, Format Version 12.00
# Visual Studio Version 17
VisualStudioVersion = 17.2.32630.192
MinimumVisualStudioVersion = 10.0.40219.1
Project("{FAE04EC0-301F-11D3-BF4B-00C04F79EFBC}") = "ApiClientes", "ApiClientes\ApiClientes.csproj", "{684B9007-037A-4407-8CC4-4D41BD376DAF}"
EndProject
Global
	GlobalSection(SolutionConfigurationPlatforms) = preSolution
		Debug|Any CPU = Debug|Any CPU
		Release|Any CPU = Release|Any CPU
	EndGlobalSection
	GlobalSection(ProjectConfigurationPlatforms) = postSolution
		{684B9007-037A-4407-8CC4-4D41BD376DAF}.Debug|Any CPU.ActiveCfg = Debug|Any CPU
		{684B9007-037A-4407-8CC4-4D41BD376DAF}.Debug|Any CPU.Build.0 = Debug|Any CPU
		{684B9007-037A-4407-8CC4-4D41BD376DAF}.Release|Any CPU.ActiveCfg = Release|Any CPU
		{684B9007-037A-4407-8CC4-4D41BD376DAF}.Release|Any CPU.Build.0 = Release|Any CPU
	EndGlobalSection
	GlobalSection(SolutionProperties) = preSolution
		HideSolutionNode = FALSE
	EndGlobalSection
	GlobalSection(ExtensibilityGlobals) = postSolution
		SolutionGuid = {0308B8D7-A618-4927-BEF2-09D7C4F8E48D}
	EndGlobalSection
EndGlobal
